
Microsoft Visual Studio Solution File, Format Version 12.00
# Visual Studio Version 16
VisualStudioVersion = 16.0.30517.126
MinimumVisualStudioVersion = 10.0.40219.1
Project("{FAE04EC0-301F-11D3-BF4B-00C04F79EFBC}") = "DayAheadPowerPositionService", "DayAheadPowerPositionService\DayAheadPowerPositionService.csproj", "{8B9DB80E-AC88-4196-852F-C34532256D53}"
EndProject
Project("{FAE04EC0-301F-11D3-BF4B-00C04F79EFBC}") = "DayAheadPowerPositionService.Execute", "DayAheadPowerPositionService.Execute\DayAheadPowerPositionService.Execute.csproj", "{08F9D4B8-56D3-44D6-AAB9-248C9CFDD622}"
EndProject
Project("{FAE04EC0-301F-11D3-BF4B-00C04F79EFBC}") = "Core", "Core\Core.csproj", "{491B06E3-78ED-4343-BD3D-8D381FCAC816}"
EndProject
Global
	GlobalSection(SolutionConfigurationPlatforms) = preSolution
		Debug|Any CPU = Debug|Any CPU
		Release|Any CPU = Release|Any CPU
	EndGlobalSection
	GlobalSection(ProjectConfigurationPlatforms) = postSolution
		{8B9DB80E-AC88-4196-852F-C34532256D53}.Debug|Any CPU.ActiveCfg = Debug|Any CPU
		{8B9DB80E-AC88-4196-852F-C34532256D53}.Debug|Any CPU.Build.0 = Debug|Any CPU
		{8B9DB80E-AC88-4196-852F-C34532256D53}.Release|Any CPU.ActiveCfg = Release|Any CPU
		{8B9DB80E-AC88-4196-852F-C34532256D53}.Release|Any CPU.Build.0 = Release|Any CPU
		{08F9D4B8-56D3-44D6-AAB9-248C9CFDD622}.Debug|Any CPU.ActiveCfg = Debug|Any CPU
		{08F9D4B8-56D3-44D6-AAB9-248C9CFDD622}.Debug|Any CPU.Build.0 = Debug|Any CPU
		{08F9D4B8-56D3-44D6-AAB9-248C9CFDD622}.Release|Any CPU.ActiveCfg = Release|Any CPU
		{08F9D4B8-56D3-44D6-AAB9-248C9CFDD622}.Release|Any CPU.Build.0 = Release|Any CPU
		{491B06E3-78ED-4343-BD3D-8D381FCAC816}.Debug|Any CPU.ActiveCfg = Debug|Any CPU
		{491B06E3-78ED-4343-BD3D-8D381FCAC816}.Debug|Any CPU.Build.0 = Debug|Any CPU
		{491B06E3-78ED-4343-BD3D-8D381FCAC816}.Release|Any CPU.ActiveCfg = Release|Any CPU
		{491B06E3-78ED-4343-BD3D-8D381FCAC816}.Release|Any CPU.Build.0 = Release|Any CPU
	EndGlobalSection
	GlobalSection(SolutionProperties) = preSolution
		HideSolutionNode = FALSE
	EndGlobalSection
	GlobalSection(ExtensibilityGlobals) = postSolution
		SolutionGuid = {AECF24DB-D357-4F8C-9179-9860CFAF5112}
	EndGlobalSection
EndGlobal
